
Microsoft Visual Studio Solution File, Format Version 12.00
# Visual Studio Version 17
VisualStudioVersion = 17.0.32112.339
MinimumVisualStudioVersion = 10.0.40219.1
Project("{FAE04EC0-301F-11D3-BF4B-00C04F79EFBC}") = "BookSwap.Api", "BookSwap.Api\BookSwap.Api.csproj", "{94AEBFE0-B6D6-4B3E-A1B9-284F9235E59F}"
	ProjectSection(ProjectDependencies) = postProject
		{157662DB-8024-4B57-8679-EBB0C631B013} = {157662DB-8024-4B57-8679-EBB0C631B013}
	EndProjectSection
EndProject
Project("{FAE04EC0-301F-11D3-BF4B-00C04F79EFBC}") = "BookSwap.Domain", "BookSwap.Domain\BookSwap.Domain.csproj", "{4CA6F809-A847-4E52-BCB0-5B6E76396C4E}"
EndProject
Project("{FAE04EC0-301F-11D3-BF4B-00C04F79EFBC}") = "BookSwap.Infrastructure", "BookSwap.Infrastructure\BookSwap.Infrastructure.csproj", "{CD5FCCF7-F5B3-4D07-B64B-B76364003AB1}"
EndProject
Project("{FAE04EC0-301F-11D3-BF4B-00C04F79EFBC}") = "BookSwap.Application", "BookSwap.Application\BookSwap.Application.csproj", "{7DF9DECB-AA70-C3FB-9428-A1140253A3EA}"
EndProject
Project("{FAE04EC0-301F-11D3-BF4B-00C04F79EFBC}") = "BookSwap.AppHost", "BookSwap.AppHost\BookSwap.AppHost.csproj", "{C15F04C2-6609-D01B-9D8C-A24131DFA1A0}"
	ProjectSection(ProjectDependencies) = postProject
		{B33CA0A2-46EA-4091-B964-E9B4E6667984} = {B33CA0A2-46EA-4091-B964-E9B4E6667984}
	EndProjectSection
EndProject
Project("{FAE04EC0-301F-11D3-BF4B-00C04F79EFBC}") = "BookSwap.Aggregator", "BookSwap.Aggregator\BookSwap.Aggregator.csproj", "{B33CA0A2-46EA-4091-B964-E9B4E6667984}"
	ProjectSection(ProjectDependencies) = postProject
		{157662DB-8024-4B57-8679-EBB0C631B013} = {157662DB-8024-4B57-8679-EBB0C631B013}
		{7DF9DECB-AA70-C3FB-9428-A1140253A3EA} = {7DF9DECB-AA70-C3FB-9428-A1140253A3EA}
	EndProjectSection
EndProject
Project("{FAE04EC0-301F-11D3-BF4B-00C04F79EFBC}") = "BookSwap.GrpcContracts", "BookSwap.GrpcContracts\BookSwap.GrpcContracts.csproj", "{157662DB-8024-4B57-8679-EBB0C631B013}"
EndProject
Project("{FAE04EC0-301F-11D3-BF4B-00C04F79EFBC}") = "BookSwap.GrpcServices", "BookSwap.GrpcServices\BookSwap.GrpcServices.csproj", "{82167A41-E82F-1396-795F-ED3D419DA7FB}"
	ProjectSection(ProjectDependencies) = postProject
		{4CA6F809-A847-4E52-BCB0-5B6E76396C4E} = {4CA6F809-A847-4E52-BCB0-5B6E76396C4E}
		{7DF9DECB-AA70-C3FB-9428-A1140253A3EA} = {7DF9DECB-AA70-C3FB-9428-A1140253A3EA}
		{CD5FCCF7-F5B3-4D07-B64B-B76364003AB1} = {CD5FCCF7-F5B3-4D07-B64B-B76364003AB1}
	EndProjectSection
EndProject
Project("{FAE04EC0-301F-11D3-BF4B-00C04F79EFBC}") = "BookSwap.GrpcClients", "BookSwap.GrpcClients\BookSwap.GrpcClients.csproj", "{6FE7BB69-1D64-49AB-A636-76140B5C4E39}"
EndProject
Project("{FAE04EC0-301F-11D3-BF4B-00C04F79EFBC}") = "BookSwap.HealthChecks", "BookSwap.HealthChecks\BookSwap.HealthChecks.csproj", "{CF7F493F-2604-CB6C-D2C5-9A2D4841F862}"
EndProject
Project("{2150E333-8FDC-42A3-9474-1A3956D46DE8}") = "Solution Items", "Solution Items", "{8EC462FD-D22E-90A8-E5CE-7E832BA40C5D}"
	ProjectSection(SolutionItems) = preProject
		docker-compose.yml = docker-compose.yml
	EndProjectSection
EndProject
Project("{FAE04EC0-301F-11D3-BF4B-00C04F79EFBC}") = "BookSwap.TelegramBot", "BookSwap.TelegramBot\BookSwap.TelegramBot.csproj", "{83C8E3DE-6A0B-475B-9E86-C2C1283AE8B9}"
EndProject
Project("{2150E333-8FDC-42A3-9474-1A3956D46DE8}") = ".github", ".github", "{02EA681E-C7D8-13C7-8484-4AC65E1B71E8}"
EndProject
Project("{2150E333-8FDC-42A3-9474-1A3956D46DE8}") = "workflows", "workflows", "{7F2E9FFF-3DB1-46CE-9347-90CBC5E272B4}"
	ProjectSection(SolutionItems) = preProject
		ci.yml = ci.yml
	EndProjectSection
EndProject
Project("{FAE04EC0-301F-11D3-BF4B-00C04F79EFBC}") = "BookSwap.Tests", "BookSwap.Tests\BookSwap.Tests.csproj", "{84FD622C-C2AC-4D86-B730-AB787A8FC522}"
EndProject
Global
	GlobalSection(SolutionConfigurationPlatforms) = preSolution
		Debug|Any CPU = Debug|Any CPU
		Debug|x64 = Debug|x64
		Debug|x86 = Debug|x86
		Release|Any CPU = Release|Any CPU
		Release|x64 = Release|x64
		Release|x86 = Release|x86
	EndGlobalSection
	GlobalSection(ProjectConfigurationPlatforms) = postSolution
		{94AEBFE0-B6D6-4B3E-A1B9-284F9235E59F}.Debug|Any CPU.ActiveCfg = Debug|Any CPU
		{94AEBFE0-B6D6-4B3E-A1B9-284F9235E59F}.Debug|Any CPU.Build.0 = Debug|Any CPU
		{94AEBFE0-B6D6-4B3E-A1B9-284F9235E59F}.Debug|x64.ActiveCfg = Debug|Any CPU
		{94AEBFE0-B6D6-4B3E-A1B9-284F9235E59F}.Debug|x64.Build.0 = Debug|Any CPU
		{94AEBFE0-B6D6-4B3E-A1B9-284F9235E59F}.Debug|x86.ActiveCfg = Debug|Any CPU
		{94AEBFE0-B6D6-4B3E-A1B9-284F9235E59F}.Debug|x86.Build.0 = Debug|Any CPU
		{94AEBFE0-B6D6-4B3E-A1B9-284F9235E59F}.Release|Any CPU.ActiveCfg = Release|Any CPU
		{94AEBFE0-B6D6-4B3E-A1B9-284F9235E59F}.Release|Any CPU.Build.0 = Release|Any CPU
		{94AEBFE0-B6D6-4B3E-A1B9-284F9235E59F}.Release|x64.ActiveCfg = Release|Any CPU
		{94AEBFE0-B6D6-4B3E-A1B9-284F9235E59F}.Release|x64.Build.0 = Release|Any CPU
		{94AEBFE0-B6D6-4B3E-A1B9-284F9235E59F}.Release|x86.ActiveCfg = Release|Any CPU
		{94AEBFE0-B6D6-4B3E-A1B9-284F9235E59F}.Release|x86.Build.0 = Release|Any CPU
		{4CA6F809-A847-4E52-BCB0-5B6E76396C4E}.Debug|Any CPU.ActiveCfg = Debug|Any CPU
		{4CA6F809-A847-4E52-BCB0-5B6E76396C4E}.Debug|Any CPU.Build.0 = Debug|Any CPU
		{4CA6F809-A847-4E52-BCB0-5B6E76396C4E}.Debug|x64.ActiveCfg = Debug|Any CPU
		{4CA6F809-A847-4E52-BCB0-5B6E76396C4E}.Debug|x64.Build.0 = Debug|Any CPU
		{4CA6F809-A847-4E52-BCB0-5B6E76396C4E}.Debug|x86.ActiveCfg = Debug|Any CPU
		{4CA6F809-A847-4E52-BCB0-5B6E76396C4E}.Debug|x86.Build.0 = Debug|Any CPU
		{4CA6F809-A847-4E52-BCB0-5B6E76396C4E}.Release|Any CPU.ActiveCfg = Release|Any CPU
		{4CA6F809-A847-4E52-BCB0-5B6E76396C4E}.Release|Any CPU.Build.0 = Release|Any CPU
		{4CA6F809-A847-4E52-BCB0-5B6E76396C4E}.Release|x64.ActiveCfg = Release|Any CPU
		{4CA6F809-A847-4E52-BCB0-5B6E76396C4E}.Release|x64.Build.0 = Release|Any CPU
		{4CA6F809-A847-4E52-BCB0-5B6E76396C4E}.Release|x86.ActiveCfg = Release|Any CPU
		{4CA6F809-A847-4E52-BCB0-5B6E76396C4E}.Release|x86.Build.0 = Release|Any CPU
		{CD5FCCF7-F5B3-4D07-B64B-B76364003AB1}.Debug|Any CPU.ActiveCfg = Debug|Any CPU
		{CD5FCCF7-F5B3-4D07-B64B-B76364003AB1}.Debug|Any CPU.Build.0 = Debug|Any CPU
		{CD5FCCF7-F5B3-4D07-B64B-B76364003AB1}.Debug|x64.ActiveCfg = Debug|Any CPU
		{CD5FCCF7-F5B3-4D07-B64B-B76364003AB1}.Debug|x64.Build.0 = Debug|Any CPU
		{CD5FCCF7-F5B3-4D07-B64B-B76364003AB1}.Debug|x86.ActiveCfg = Debug|Any CPU
		{CD5FCCF7-F5B3-4D07-B64B-B76364003AB1}.Debug|x86.Build.0 = Debug|Any CPU
		{CD5FCCF7-F5B3-4D07-B64B-B76364003AB1}.Release|Any CPU.ActiveCfg = Release|Any CPU
		{CD5FCCF7-F5B3-4D07-B64B-B76364003AB1}.Release|Any CPU.Build.0 = Release|Any CPU
		{CD5FCCF7-F5B3-4D07-B64B-B76364003AB1}.Release|x64.ActiveCfg = Release|Any CPU
		{CD5FCCF7-F5B3-4D07-B64B-B76364003AB1}.Release|x64.Build.0 = Release|Any CPU
		{CD5FCCF7-F5B3-4D07-B64B-B76364003AB1}.Release|x86.ActiveCfg = Release|Any CPU
		{CD5FCCF7-F5B3-4D07-B64B-B76364003AB1}.Release|x86.Build.0 = Release|Any CPU
		{7DF9DECB-AA70-C3FB-9428-A1140253A3EA}.Debug|Any CPU.ActiveCfg = Debug|Any CPU
		{7DF9DECB-AA70-C3FB-9428-A1140253A3EA}.Debug|Any CPU.Build.0 = Debug|Any CPU
		{7DF9DECB-AA70-C3FB-9428-A1140253A3EA}.Debug|x64.ActiveCfg = Debug|Any CPU
		{7DF9DECB-AA70-C3FB-9428-A1140253A3EA}.Debug|x64.Build.0 = Debug|Any CPU
		{7DF9DECB-AA70-C3FB-9428-A1140253A3EA}.Debug|x86.ActiveCfg = Debug|Any CPU
		{7DF9DECB-AA70-C3FB-9428-A1140253A3EA}.Debug|x86.Build.0 = Debug|Any CPU
		{7DF9DECB-AA70-C3FB-9428-A1140253A3EA}.Release|Any CPU.ActiveCfg = Release|Any CPU
		{7DF9DECB-AA70-C3FB-9428-A1140253A3EA}.Release|Any CPU.Build.0 = Release|Any CPU
		{7DF9DECB-AA70-C3FB-9428-A1140253A3EA}.Release|x64.ActiveCfg = Release|Any CPU
		{7DF9DECB-AA70-C3FB-9428-A1140253A3EA}.Release|x64.Build.0 = Release|Any CPU
		{7DF9DECB-AA70-C3FB-9428-A1140253A3EA}.Release|x86.ActiveCfg = Release|Any CPU
		{7DF9DECB-AA70-C3FB-9428-A1140253A3EA}.Release|x86.Build.0 = Release|Any CPU
		{C15F04C2-6609-D01B-9D8C-A24131DFA1A0}.Debug|Any CPU.ActiveCfg = Debug|Any CPU
		{C15F04C2-6609-D01B-9D8C-A24131DFA1A0}.Debug|Any CPU.Build.0 = Debug|Any CPU
		{C15F04C2-6609-D01B-9D8C-A24131DFA1A0}.Debug|x64.ActiveCfg = Debug|Any CPU
		{C15F04C2-6609-D01B-9D8C-A24131DFA1A0}.Debug|x64.Build.0 = Debug|Any CPU
		{C15F04C2-6609-D01B-9D8C-A24131DFA1A0}.Debug|x86.ActiveCfg = Debug|Any CPU
		{C15F04C2-6609-D01B-9D8C-A24131DFA1A0}.Debug|x86.Build.0 = Debug|Any CPU
		{C15F04C2-6609-D01B-9D8C-A24131DFA1A0}.Release|Any CPU.ActiveCfg = Release|Any CPU
		{C15F04C2-6609-D01B-9D8C-A24131DFA1A0}.Release|Any CPU.Build.0 = Release|Any CPU
		{C15F04C2-6609-D01B-9D8C-A24131DFA1A0}.Release|x64.ActiveCfg = Release|Any CPU
		{C15F04C2-6609-D01B-9D8C-A24131DFA1A0}.Release|x64.Build.0 = Release|Any CPU
		{C15F04C2-6609-D01B-9D8C-A24131DFA1A0}.Release|x86.ActiveCfg = Release|Any CPU
		{C15F04C2-6609-D01B-9D8C-A24131DFA1A0}.Release|x86.Build.0 = Release|Any CPU
		{B33CA0A2-46EA-4091-B964-E9B4E6667984}.Debug|Any CPU.ActiveCfg = Debug|Any CPU
		{B33CA0A2-46EA-4091-B964-E9B4E6667984}.Debug|Any CPU.Build.0 = Debug|Any CPU
		{B33CA0A2-46EA-4091-B964-E9B4E6667984}.Debug|x64.ActiveCfg = Debug|Any CPU
		{B33CA0A2-46EA-4091-B964-E9B4E6667984}.Debug|x64.Build.0 = Debug|Any CPU
		{B33CA0A2-46EA-4091-B964-E9B4E6667984}.Debug|x86.ActiveCfg = Debug|Any CPU
		{B33CA0A2-46EA-4091-B964-E9B4E6667984}.Debug|x86.Build.0 = Debug|Any CPU
		{B33CA0A2-46EA-4091-B964-E9B4E6667984}.Release|Any CPU.ActiveCfg = Release|Any CPU
		{B33CA0A2-46EA-4091-B964-E9B4E6667984}.Release|Any CPU.Build.0 = Release|Any CPU
		{B33CA0A2-46EA-4091-B964-E9B4E6667984}.Release|x64.ActiveCfg = Release|Any CPU
		{B33CA0A2-46EA-4091-B964-E9B4E6667984}.Release|x64.Build.0 = Release|Any CPU
		{B33CA0A2-46EA-4091-B964-E9B4E6667984}.Release|x86.ActiveCfg = Release|Any CPU
		{B33CA0A2-46EA-4091-B964-E9B4E6667984}.Release|x86.Build.0 = Release|Any CPU
		{157662DB-8024-4B57-8679-EBB0C631B013}.Debug|Any CPU.ActiveCfg = Debug|Any CPU
		{157662DB-8024-4B57-8679-EBB0C631B013}.Debug|Any CPU.Build.0 = Debug|Any CPU
		{157662DB-8024-4B57-8679-EBB0C631B013}.Debug|x64.ActiveCfg = Debug|Any CPU
		{157662DB-8024-4B57-8679-EBB0C631B013}.Debug|x64.Build.0 = Debug|Any CPU
		{157662DB-8024-4B57-8679-EBB0C631B013}.Debug|x86.ActiveCfg = Debug|Any CPU
		{157662DB-8024-4B57-8679-EBB0C631B013}.Debug|x86.Build.0 = Debug|Any CPU
		{157662DB-8024-4B57-8679-EBB0C631B013}.Release|Any CPU.ActiveCfg = Release|Any CPU
		{157662DB-8024-4B57-8679-EBB0C631B013}.Release|Any CPU.Build.0 = Release|Any CPU
		{157662DB-8024-4B57-8679-EBB0C631B013}.Release|x64.ActiveCfg = Release|Any CPU
		{157662DB-8024-4B57-8679-EBB0C631B013}.Release|x64.Build.0 = Release|Any CPU
		{157662DB-8024-4B57-8679-EBB0C631B013}.Release|x86.ActiveCfg = Release|Any CPU
		{157662DB-8024-4B57-8679-EBB0C631B013}.Release|x86.Build.0 = Release|Any CPU
		{82167A41-E82F-1396-795F-ED3D419DA7FB}.Debug|Any CPU.ActiveCfg = Debug|Any CPU
		{82167A41-E82F-1396-795F-ED3D419DA7FB}.Debug|Any CPU.Build.0 = Debug|Any CPU
		{82167A41-E82F-1396-795F-ED3D419DA7FB}.Debug|x64.ActiveCfg = Debug|Any CPU
		{82167A41-E82F-1396-795F-ED3D419DA7FB}.Debug|x64.Build.0 = Debug|Any CPU
		{82167A41-E82F-1396-795F-ED3D419DA7FB}.Debug|x86.ActiveCfg = Debug|Any CPU
		{82167A41-E82F-1396-795F-ED3D419DA7FB}.Debug|x86.Build.0 = Debug|Any CPU
		{82167A41-E82F-1396-795F-ED3D419DA7FB}.Release|Any CPU.ActiveCfg = Release|Any CPU
		{82167A41-E82F-1396-795F-ED3D419DA7FB}.Release|Any CPU.Build.0 = Release|Any CPU
		{82167A41-E82F-1396-795F-ED3D419DA7FB}.Release|x64.ActiveCfg = Release|Any CPU
		{82167A41-E82F-1396-795F-ED3D419DA7FB}.Release|x64.Build.0 = Release|Any CPU
		{82167A41-E82F-1396-795F-ED3D419DA7FB}.Release|x86.ActiveCfg = Release|Any CPU
		{82167A41-E82F-1396-795F-ED3D419DA7FB}.Release|x86.Build.0 = Release|Any CPU
		{6FE7BB69-1D64-49AB-A636-76140B5C4E39}.Debug|Any CPU.ActiveCfg = Debug|Any CPU
		{6FE7BB69-1D64-49AB-A636-76140B5C4E39}.Debug|Any CPU.Build.0 = Debug|Any CPU
		{6FE7BB69-1D64-49AB-A636-76140B5C4E39}.Debug|x64.ActiveCfg = Debug|Any CPU
		{6FE7BB69-1D64-49AB-A636-76140B5C4E39}.Debug|x64.Build.0 = Debug|Any CPU
		{6FE7BB69-1D64-49AB-A636-76140B5C4E39}.Debug|x86.ActiveCfg = Debug|Any CPU
		{6FE7BB69-1D64-49AB-A636-76140B5C4E39}.Debug|x86.Build.0 = Debug|Any CPU
		{6FE7BB69-1D64-49AB-A636-76140B5C4E39}.Release|Any CPU.ActiveCfg = Release|Any CPU
		{6FE7BB69-1D64-49AB-A636-76140B5C4E39}.Release|Any CPU.Build.0 = Release|Any CPU
		{6FE7BB69-1D64-49AB-A636-76140B5C4E39}.Release|x64.ActiveCfg = Release|Any CPU
		{6FE7BB69-1D64-49AB-A636-76140B5C4E39}.Release|x64.Build.0 = Release|Any CPU
		{6FE7BB69-1D64-49AB-A636-76140B5C4E39}.Release|x86.ActiveCfg = Release|Any CPU
		{6FE7BB69-1D64-49AB-A636-76140B5C4E39}.Release|x86.Build.0 = Release|Any CPU
		{CF7F493F-2604-CB6C-D2C5-9A2D4841F862}.Debug|Any CPU.ActiveCfg = Debug|Any CPU
		{CF7F493F-2604-CB6C-D2C5-9A2D4841F862}.Debug|Any CPU.Build.0 = Debug|Any CPU
		{CF7F493F-2604-CB6C-D2C5-9A2D4841F862}.Debug|x64.ActiveCfg = Debug|Any CPU
		{CF7F493F-2604-CB6C-D2C5-9A2D4841F862}.Debug|x64.Build.0 = Debug|Any CPU
		{CF7F493F-2604-CB6C-D2C5-9A2D4841F862}.Debug|x86.ActiveCfg = Debug|Any CPU
		{CF7F493F-2604-CB6C-D2C5-9A2D4841F862}.Debug|x86.Build.0 = Debug|Any CPU
		{CF7F493F-2604-CB6C-D2C5-9A2D4841F862}.Release|Any CPU.ActiveCfg = Release|Any CPU
		{CF7F493F-2604-CB6C-D2C5-9A2D4841F862}.Release|Any CPU.Build.0 = Release|Any CPU
		{CF7F493F-2604-CB6C-D2C5-9A2D4841F862}.Release|x64.ActiveCfg = Release|Any CPU
		{CF7F493F-2604-CB6C-D2C5-9A2D4841F862}.Release|x64.Build.0 = Release|Any CPU
		{CF7F493F-2604-CB6C-D2C5-9A2D4841F862}.Release|x86.ActiveCfg = Release|Any CPU
		{CF7F493F-2604-CB6C-D2C5-9A2D4841F862}.Release|x86.Build.0 = Release|Any CPU
		{83C8E3DE-6A0B-475B-9E86-C2C1283AE8B9}.Debug|Any CPU.ActiveCfg = Debug|Any CPU
		{83C8E3DE-6A0B-475B-9E86-C2C1283AE8B9}.Debug|Any CPU.Build.0 = Debug|Any CPU
		{83C8E3DE-6A0B-475B-9E86-C2C1283AE8B9}.Debug|x64.ActiveCfg = Debug|Any CPU
		{83C8E3DE-6A0B-475B-9E86-C2C1283AE8B9}.Debug|x64.Build.0 = Debug|Any CPU
		{83C8E3DE-6A0B-475B-9E86-C2C1283AE8B9}.Debug|x86.ActiveCfg = Debug|Any CPU
		{83C8E3DE-6A0B-475B-9E86-C2C1283AE8B9}.Debug|x86.Build.0 = Debug|Any CPU
		{83C8E3DE-6A0B-475B-9E86-C2C1283AE8B9}.Release|Any CPU.ActiveCfg = Release|Any CPU
		{83C8E3DE-6A0B-475B-9E86-C2C1283AE8B9}.Release|Any CPU.Build.0 = Release|Any CPU
		{83C8E3DE-6A0B-475B-9E86-C2C1283AE8B9}.Release|x64.ActiveCfg = Release|Any CPU
		{83C8E3DE-6A0B-475B-9E86-C2C1283AE8B9}.Release|x64.Build.0 = Release|Any CPU
		{83C8E3DE-6A0B-475B-9E86-C2C1283AE8B9}.Release|x86.ActiveCfg = Release|Any CPU
		{83C8E3DE-6A0B-475B-9E86-C2C1283AE8B9}.Release|x86.Build.0 = Release|Any CPU
		{84FD622C-C2AC-4D86-B730-AB787A8FC522}.Debug|Any CPU.ActiveCfg = Debug|Any CPU
		{84FD622C-C2AC-4D86-B730-AB787A8FC522}.Debug|Any CPU.Build.0 = Debug|Any CPU
		{84FD622C-C2AC-4D86-B730-AB787A8FC522}.Debug|x64.ActiveCfg = Debug|Any CPU
		{84FD622C-C2AC-4D86-B730-AB787A8FC522}.Debug|x64.Build.0 = Debug|Any CPU
		{84FD622C-C2AC-4D86-B730-AB787A8FC522}.Debug|x86.ActiveCfg = Debug|Any CPU
		{84FD622C-C2AC-4D86-B730-AB787A8FC522}.Debug|x86.Build.0 = Debug|Any CPU
		{84FD622C-C2AC-4D86-B730-AB787A8FC522}.Release|Any CPU.ActiveCfg = Release|Any CPU
		{84FD622C-C2AC-4D86-B730-AB787A8FC522}.Release|Any CPU.Build.0 = Release|Any CPU
		{84FD622C-C2AC-4D86-B730-AB787A8FC522}.Release|x64.ActiveCfg = Release|Any CPU
		{84FD622C-C2AC-4D86-B730-AB787A8FC522}.Release|x64.Build.0 = Release|Any CPU
		{84FD622C-C2AC-4D86-B730-AB787A8FC522}.Release|x86.ActiveCfg = Release|Any CPU
		{84FD622C-C2AC-4D86-B730-AB787A8FC522}.Release|x86.Build.0 = Release|Any CPU
	EndGlobalSection
	GlobalSection(SolutionProperties) = preSolution
		HideSolutionNode = FALSE
	EndGlobalSection
	GlobalSection(NestedProjects) = preSolution
		{7F2E9FFF-3DB1-46CE-9347-90CBC5E272B4} = {02EA681E-C7D8-13C7-8484-4AC65E1B71E8}
	EndGlobalSection
	GlobalSection(ExtensibilityGlobals) = postSolution
		SolutionGuid = {277969DA-8AF6-473E-9FEA-D7FEA869F4FF}
	EndGlobalSection
EndGlobal
